// !$*UTF8*$!
{
	archiveVersion = 1;
	classes = {
	};
	objectVersion = 50;
	objects = {

/* Begin PBXBuildFile section */
		EA1A623C29348DD0002D286A /* AktivasiAkunViewController.swift in Sources */ = {isa = PBXBuildFile; fileRef = EA1A623B29348DD0002D286A /* AktivasiAkunViewController.swift */; };
		EA1A623E29348DEA002D286A /* AktivasiAkunViewController.xib in Resources */ = {isa = PBXBuildFile; fileRef = EA1A623D29348DEA002D286A /* AktivasiAkunViewController.xib */; };
		EA412A03292E1ADB00B91FE3 /* AppDelegate.swift in Sources */ = {isa = PBXBuildFile; fileRef = EA412A02292E1ADB00B91FE3 /* AppDelegate.swift */; };
		EA412A05292E1ADB00B91FE3 /* ViewController.swift in Sources */ = {isa = PBXBuildFile; fileRef = EA412A04292E1ADB00B91FE3 /* ViewController.swift */; };
		EA412A08292E1ADB00B91FE3 /* Main.storyboard in Resources */ = {isa = PBXBuildFile; fileRef = EA412A06292E1ADB00B91FE3 /* Main.storyboard */; };
		EA412A0A292E1ADE00B91FE3 /* Assets.xcassets in Resources */ = {isa = PBXBuildFile; fileRef = EA412A09292E1ADE00B91FE3 /* Assets.xcassets */; };
		EA412A0D292E1ADE00B91FE3 /* LaunchScreen.storyboard in Resources */ = {isa = PBXBuildFile; fileRef = EA412A0B292E1ADE00B91FE3 /* LaunchScreen.storyboard */; };
		EA412A17292E1B3000B91FE3 /* OnBoardingViewController.swift in Sources */ = {isa = PBXBuildFile; fileRef = EA412A16292E1B3000B91FE3 /* OnBoardingViewController.swift */; };
		EA412A1B292E1F9000B91FE3 /* OnBoardingViewController.xib in Resources */ = {isa = PBXBuildFile; fileRef = EA412A1A292E1F9000B91FE3 /* OnBoardingViewController.xib */; };
		EA412A1E292F071600B91FE3 /* LoginViewController.swift in Sources */ = {isa = PBXBuildFile; fileRef = EA412A1D292F071600B91FE3 /* LoginViewController.swift */; };
		EA412A20292F073F00B91FE3 /* LoginViewController.xib in Resources */ = {isa = PBXBuildFile; fileRef = EA412A1F292F073F00B91FE3 /* LoginViewController.xib */; };
		EA412A2E292F253300B91FE3 /* Roboto-Thin.ttf in Resources */ = {isa = PBXBuildFile; fileRef = EA412A26292F24B800B91FE3 /* Roboto-Thin.ttf */; };
		EAF1702A293099660021B7CC /* RegisterViewController.swift in Sources */ = {isa = PBXBuildFile; fileRef = EAF17029293099660021B7CC /* RegisterViewController.swift */; };
		EAF1702C293099790021B7CC /* RegisterViewController.xib in Resources */ = {isa = PBXBuildFile; fileRef = EAF1702B293099790021B7CC /* RegisterViewController.xib */; };
/* End PBXBuildFile section */

/* Begin PBXFileReference section */
		EA1A623B29348DD0002D286A /* AktivasiAkunViewController.swift */ = {isa = PBXFileReference; lastKnownFileType = sourcecode.swift; path = AktivasiAkunViewController.swift; sourceTree = "<group>"; };
		EA1A623D29348DEA002D286A /* AktivasiAkunViewController.xib */ = {isa = PBXFileReference; lastKnownFileType = file.xib; path = AktivasiAkunViewController.xib; sourceTree = "<group>"; };
		EA4129FF292E1ADB00B91FE3 /* Sephora-Mobile.app */ = {isa = PBXFileReference; explicitFileType = wrapper.application; includeInIndex = 0; path = "Sephora-Mobile.app"; sourceTree = BUILT_PRODUCTS_DIR; };
		EA412A02292E1ADB00B91FE3 /* AppDelegate.swift */ = {isa = PBXFileReference; lastKnownFileType = sourcecode.swift; path = AppDelegate.swift; sourceTree = "<group>"; };
		EA412A04292E1ADB00B91FE3 /* ViewController.swift */ = {isa = PBXFileReference; lastKnownFileType = sourcecode.swift; path = ViewController.swift; sourceTree = "<group>"; };
		EA412A07292E1ADB00B91FE3 /* Base */ = {isa = PBXFileReference; lastKnownFileType = file.storyboard; name = Base; path = Base.lproj/Main.storyboard; sourceTree = "<group>"; };
		EA412A09292E1ADE00B91FE3 /* Assets.xcassets */ = {isa = PBXFileReference; lastKnownFileType = folder.assetcatalog; path = Assets.xcassets; sourceTree = "<group>"; };
		EA412A0C292E1ADE00B91FE3 /* Base */ = {isa = PBXFileReference; lastKnownFileType = file.storyboard; name = Base; path = Base.lproj/LaunchScreen.storyboard; sourceTree = "<group>"; };
		EA412A0E292E1ADE00B91FE3 /* Info.plist */ = {isa = PBXFileReference; lastKnownFileType = text.plist.xml; path = Info.plist; sourceTree = "<group>"; };
		EA412A16292E1B3000B91FE3 /* OnBoardingViewController.swift */ = {isa = PBXFileReference; lastKnownFileType = sourcecode.swift; path = OnBoardingViewController.swift; sourceTree = "<group>"; };
		EA412A1A292E1F9000B91FE3 /* OnBoardingViewController.xib */ = {isa = PBXFileReference; lastKnownFileType = file.xib; path = OnBoardingViewController.xib; sourceTree = "<group>"; };
		EA412A1D292F071600B91FE3 /* LoginViewController.swift */ = {isa = PBXFileReference; lastKnownFileType = sourcecode.swift; path = LoginViewController.swift; sourceTree = "<group>"; };
		EA412A1F292F073F00B91FE3 /* LoginViewController.xib */ = {isa = PBXFileReference; lastKnownFileType = file.xib; path = LoginViewController.xib; sourceTree = "<group>"; };
		EA412A22292F24B700B91FE3 /* Roboto-Italic.ttf */ = {isa = PBXFileReference; lastKnownFileType = file; path = "Roboto-Italic.ttf"; sourceTree = "<group>"; };
		EA412A23292F24B700B91FE3 /* Roboto-ThinItalic.ttf */ = {isa = PBXFileReference; lastKnownFileType = file; path = "Roboto-ThinItalic.ttf"; sourceTree = "<group>"; };
		EA412A24292F24B700B91FE3 /* Roboto-Light.ttf */ = {isa = PBXFileReference; lastKnownFileType = file; path = "Roboto-Light.ttf"; sourceTree = "<group>"; };
		EA412A25292F24B700B91FE3 /* Roboto-LightItalic.ttf */ = {isa = PBXFileReference; lastKnownFileType = file; path = "Roboto-LightItalic.ttf"; sourceTree = "<group>"; };
		EA412A26292F24B800B91FE3 /* Roboto-Thin.ttf */ = {isa = PBXFileReference; lastKnownFileType = file; path = "Roboto-Thin.ttf"; sourceTree = "<group>"; };
		EA412A27292F24B800B91FE3 /* Roboto-Bold.ttf */ = {isa = PBXFileReference; lastKnownFileType = file; path = "Roboto-Bold.ttf"; sourceTree = "<group>"; };
		EA412A28292F24B800B91FE3 /* Roboto-BoldItalic.ttf */ = {isa = PBXFileReference; lastKnownFileType = file; path = "Roboto-BoldItalic.ttf"; sourceTree = "<group>"; };
		EA412A29292F24B800B91FE3 /* Roboto-BlackItalic.ttf */ = {isa = PBXFileReference; lastKnownFileType = file; path = "Roboto-BlackItalic.ttf"; sourceTree = "<group>"; };
		EA412A2A292F24B800B91FE3 /* Roboto-Black.ttf */ = {isa = PBXFileReference; lastKnownFileType = file; path = "Roboto-Black.ttf"; sourceTree = "<group>"; };
		EA412A2B292F24B800B91FE3 /* Roboto-Medium.ttf */ = {isa = PBXFileReference; lastKnownFileType = file; path = "Roboto-Medium.ttf"; sourceTree = "<group>"; };
		EA412A2C292F24B800B91FE3 /* Roboto-MediumItalic.ttf */ = {isa = PBXFileReference; lastKnownFileType = file; path = "Roboto-MediumItalic.ttf"; sourceTree = "<group>"; };
		EA412A2D292F24B800B91FE3 /* Roboto-Regular.ttf */ = {isa = PBXFileReference; lastKnownFileType = file; path = "Roboto-Regular.ttf"; sourceTree = "<group>"; };
		EAF17029293099660021B7CC /* RegisterViewController.swift */ = {isa = PBXFileReference; lastKnownFileType = sourcecode.swift; path = RegisterViewController.swift; sourceTree = "<group>"; };
		EAF1702B293099790021B7CC /* RegisterViewController.xib */ = {isa = PBXFileReference; lastKnownFileType = file.xib; path = RegisterViewController.xib; sourceTree = "<group>"; };
/* End PBXFileReference section */

/* Begin PBXFrameworksBuildPhase section */
		EA4129FC292E1ADB00B91FE3 /* Frameworks */ = {
			isa = PBXFrameworksBuildPhase;
			buildActionMask = 2147483647;
			files = (
			);
			runOnlyForDeploymentPostprocessing = 0;
		};
/* End PBXFrameworksBuildPhase section */

/* Begin PBXGroup section */
		EA1A623A29348D95002D286A /* AktivasiAkun */ = {
			isa = PBXGroup;
			children = (
				EA1A623B29348DD0002D286A /* AktivasiAkunViewController.swift */,
				EA1A623D29348DEA002D286A /* AktivasiAkunViewController.xib */,
			);
			path = AktivasiAkun;
			sourceTree = "<group>";
		};
		EA4129F6292E1ADB00B91FE3 = {
			isa = PBXGroup;
			children = (
				EA412A01292E1ADB00B91FE3 /* Sephora-Mobile */,
				EA412A00292E1ADB00B91FE3 /* Products */,
			);
			sourceTree = "<group>";
		};
		EA412A00292E1ADB00B91FE3 /* Products */ = {
			isa = PBXGroup;
			children = (
				EA4129FF292E1ADB00B91FE3 /* Sephora-Mobile.app */,
			);
			name = Products;
			sourceTree = "<group>";
		};
		EA412A01292E1ADB00B91FE3 /* Sephora-Mobile */ = {
			isa = PBXGroup;
			children = (
				EA412A21292F245E00B91FE3 /* Fonts */,
				EA412A14292E1AF500B91FE3 /* Moduls */,
				EA412A02292E1ADB00B91FE3 /* AppDelegate.swift */,
				EA412A04292E1ADB00B91FE3 /* ViewController.swift */,
				EA412A06292E1ADB00B91FE3 /* Main.storyboard */,
				EA412A09292E1ADE00B91FE3 /* Assets.xcassets */,
				EA412A0B292E1ADE00B91FE3 /* LaunchScreen.storyboard */,
				EA412A0E292E1ADE00B91FE3 /* Info.plist */,
			);
			path = "Sephora-Mobile";
			sourceTree = "<group>";
		};
		EA412A14292E1AF500B91FE3 /* Moduls */ = {
			isa = PBXGroup;
			children = (
				EA1A623A29348D95002D286A /* AktivasiAkun */,
				EAF17028293099190021B7CC /* Register */,
				EA412A1C292F06FB00B91FE3 /* Login */,
				EA412A15292E1B0B00B91FE3 /* OnBoarding */,
			);
			path = Moduls;
			sourceTree = "<group>";
		};
		EA412A15292E1B0B00B91FE3 /* OnBoarding */ = {
			isa = PBXGroup;
			children = (
				EA412A16292E1B3000B91FE3 /* OnBoardingViewController.swift */,
				EA412A1A292E1F9000B91FE3 /* OnBoardingViewController.xib */,
			);
			path = OnBoarding;
			sourceTree = "<group>";
		};
		EA412A1C292F06FB00B91FE3 /* Login */ = {
			isa = PBXGroup;
			children = (
				EA412A1D292F071600B91FE3 /* LoginViewController.swift */,
				EA412A1F292F073F00B91FE3 /* LoginViewController.xib */,
			);
			path = Login;
			sourceTree = "<group>";
		};
		EA412A21292F245E00B91FE3 /* Fonts */ = {
			isa = PBXGroup;
			children = (
				EA412A29292F24B800B91FE3 /* Roboto-BlackItalic.ttf */,
				EA412A27292F24B800B91FE3 /* Roboto-Bold.ttf */,
				EA412A28292F24B800B91FE3 /* Roboto-BoldItalic.ttf */,
				EA412A22292F24B700B91FE3 /* Roboto-Italic.ttf */,
				EA412A24292F24B700B91FE3 /* Roboto-Light.ttf */,
				EA412A25292F24B700B91FE3 /* Roboto-LightItalic.ttf */,
				EA412A2B292F24B800B91FE3 /* Roboto-Medium.ttf */,
				EA412A2C292F24B800B91FE3 /* Roboto-MediumItalic.ttf */,
				EA412A2D292F24B800B91FE3 /* Roboto-Regular.ttf */,
				EA412A26292F24B800B91FE3 /* Roboto-Thin.ttf */,
				EA412A23292F24B700B91FE3 /* Roboto-ThinItalic.ttf */,
				EA412A2A292F24B800B91FE3 /* Roboto-Black.ttf */,
			);
			path = Fonts;
			sourceTree = "<group>";
		};
		EAF17028293099190021B7CC /* Register */ = {
			isa = PBXGroup;
			children = (
				EAF17029293099660021B7CC /* RegisterViewController.swift */,
				EAF1702B293099790021B7CC /* RegisterViewController.xib */,
			);
			path = Register;
			sourceTree = "<group>";
		};
/* End PBXGroup section */

/* Begin PBXNativeTarget section */
		EA4129FE292E1ADB00B91FE3 /* Sephora-Mobile */ = {
			isa = PBXNativeTarget;
			buildConfigurationList = EA412A11292E1ADE00B91FE3 /* Build configuration list for PBXNativeTarget "Sephora-Mobile" */;
			buildPhases = (
				EA4129FB292E1ADB00B91FE3 /* Sources */,
				EA4129FC292E1ADB00B91FE3 /* Frameworks */,
				EA4129FD292E1ADB00B91FE3 /* Resources */,
			);
			buildRules = (
			);
			dependencies = (
			);
			name = "Sephora-Mobile";
			productName = "Sephora-Mobile";
			productReference = EA4129FF292E1ADB00B91FE3 /* Sephora-Mobile.app */;
			productType = "com.apple.product-type.application";
		};
/* End PBXNativeTarget section */

/* Begin PBXProject section */
		EA4129F7292E1ADB00B91FE3 /* Project object */ = {
			isa = PBXProject;
			attributes = {
				LastSwiftUpdateCheck = 1010;
				LastUpgradeCheck = 1010;
				ORGANIZATIONNAME = Key;
				TargetAttributes = {
					EA4129FE292E1ADB00B91FE3 = {
						CreatedOnToolsVersion = 10.1;
					};
				};
			};
			buildConfigurationList = EA4129FA292E1ADB00B91FE3 /* Build configuration list for PBXProject "Sephora-Mobile" */;
			compatibilityVersion = "Xcode 9.3";
			developmentRegion = en;
			hasScannedForEncodings = 0;
			knownRegions = (
				en,
				Base,
			);
			mainGroup = EA4129F6292E1ADB00B91FE3;
			productRefGroup = EA412A00292E1ADB00B91FE3 /* Products */;
			projectDirPath = "";
			projectRoot = "";
			targets = (
				EA4129FE292E1ADB00B91FE3 /* Sephora-Mobile */,
			);
		};
/* End PBXProject section */

/* Begin PBXResourcesBuildPhase section */
		EA4129FD292E1ADB00B91FE3 /* Resources */ = {
			isa = PBXResourcesBuildPhase;
			buildActionMask = 2147483647;
			files = (
				EA412A20292F073F00B91FE3 /* LoginViewController.xib in Resources */,
				EA1A623E29348DEA002D286A /* AktivasiAkunViewController.xib in Resources */,
				EA412A0D292E1ADE00B91FE3 /* LaunchScreen.storyboard in Resources */,
				EAF1702C293099790021B7CC /* RegisterViewController.xib in Resources */,
				EA412A2E292F253300B91FE3 /* Roboto-Thin.ttf in Resources */,
				EA412A0A292E1ADE00B91FE3 /* Assets.xcassets in Resources */,
				EA412A08292E1ADB00B91FE3 /* Main.storyboard in Resources */,
				EA412A1B292E1F9000B91FE3 /* OnBoardingViewController.xib in Resources */,
			);
			runOnlyForDeploymentPostprocessing = 0;
		};
/* End PBXResourcesBuildPhase section */

/* Begin PBXSourcesBuildPhase section */
		EA4129FB292E1ADB00B91FE3 /* Sources */ = {
			isa = PBXSourcesBuildPhase;
			buildActionMask = 2147483647;
			files = (
				EA412A1E292F071600B91FE3 /* LoginViewController.swift in Sources */,
				EAF1702A293099660021B7CC /* RegisterViewController.swift in Sources */,
				EA1A623C29348DD0002D286A /* AktivasiAkunViewController.swift in Sources */,
				EA412A17292E1B3000B91FE3 /* OnBoardingViewController.swift in Sources */,
				EA412A05292E1ADB00B91FE3 /* ViewController.swift in Sources */,
				EA412A03292E1ADB00B91FE3 /* AppDelegate.swift in Sources */,
			);
			runOnlyForDeploymentPostprocessing = 0;
		};
/* End PBXSourcesBuildPhase section */

/* Begin PBXVariantGroup section */
		EA412A06292E1ADB00B91FE3 /* Main.storyboard */ = {
			isa = PBXVariantGroup;
			children = (
				EA412A07292E1ADB00B91FE3 /* Base */,
			);
			name = Main.storyboard;
			sourceTree = "<group>";
		};
		EA412A0B292E1ADE00B91FE3 /* LaunchScreen.storyboard */ = {
			isa = PBXVariantGroup;
			children = (
				EA412A0C292E1ADE00B91FE3 /* Base */,
			);
			name = LaunchScreen.storyboard;
			sourceTree = "<group>";
		};
/* End PBXVariantGroup section */

/* Begin XCBuildConfiguration section */
		EA412A0F292E1ADE00B91FE3 /* Debug */ = {
			isa = XCBuildConfiguration;
			buildSettings = {
				ALWAYS_SEARCH_USER_PATHS = NO;
				CLANG_ANALYZER_NONNULL = YES;
				CLANG_ANALYZER_NUMBER_OBJECT_CONVERSION = YES_AGGRESSIVE;
				CLANG_CXX_LANGUAGE_STANDARD = "gnu++14";
				CLANG_CXX_LIBRARY = "libc++";
				CLANG_ENABLE_MODULES = YES;
				CLANG_ENABLE_OBJC_ARC = YES;
				CLANG_ENABLE_OBJC_WEAK = YES;
				CLANG_WARN_BLOCK_CAPTURE_AUTORELEASING = YES;
				CLANG_WARN_BOOL_CONVERSION = YES;
				CLANG_WARN_COMMA = YES;
				CLANG_WARN_CONSTANT_CONVERSION = YES;
				CLANG_WARN_DEPRECATED_OBJC_IMPLEMENTATIONS = YES;
				CLANG_WARN_DIRECT_OBJC_ISA_USAGE = YES_ERROR;
				CLANG_WARN_DOCUMENTATION_COMMENTS = YES;
				CLANG_WARN_EMPTY_BODY = YES;
				CLANG_WARN_ENUM_CONVERSION = YES;
				CLANG_WARN_INFINITE_RECURSION = YES;
				CLANG_WARN_INT_CONVERSION = YES;
				CLANG_WARN_NON_LITERAL_NULL_CONVERSION = YES;
				CLANG_WARN_OBJC_IMPLICIT_RETAIN_SELF = YES;
				CLANG_WARN_OBJC_LITERAL_CONVERSION = YES;
				CLANG_WARN_OBJC_ROOT_CLASS = YES_ERROR;
				CLANG_WARN_RANGE_LOOP_ANALYSIS = YES;
				CLANG_WARN_STRICT_PROTOTYPES = YES;
				CLANG_WARN_SUSPICIOUS_MOVE = YES;
				CLANG_WARN_UNGUARDED_AVAILABILITY = YES_AGGRESSIVE;
				CLANG_WARN_UNREACHABLE_CODE = YES;
				CLANG_WARN__DUPLICATE_METHOD_MATCH = YES;
				CODE_SIGN_IDENTITY = "iPhone Developer";
				COPY_PHASE_STRIP = NO;
				DEBUG_INFORMATION_FORMAT = dwarf;
				ENABLE_STRICT_OBJC_MSGSEND = YES;
				ENABLE_TESTABILITY = YES;
				GCC_C_LANGUAGE_STANDARD = gnu11;
				GCC_DYNAMIC_NO_PIC = NO;
				GCC_NO_COMMON_BLOCKS = YES;
				GCC_OPTIMIZATION_LEVEL = 0;
				GCC_PREPROCESSOR_DEFINITIONS = (
					"DEBUG=1",
					"$(inherited)",
				);
				GCC_WARN_64_TO_32_BIT_CONVERSION = YES;
				GCC_WARN_ABOUT_RETURN_TYPE = YES_ERROR;
				GCC_WARN_UNDECLARED_SELECTOR = YES;
				GCC_WARN_UNINITIALIZED_AUTOS = YES_AGGRESSIVE;
				GCC_WARN_UNUSED_FUNCTION = YES;
				GCC_WARN_UNUSED_VARIABLE = YES;
				IPHONEOS_DEPLOYMENT_TARGET = 12.1;
				MTL_ENABLE_DEBUG_INFO = INCLUDE_SOURCE;
				MTL_FAST_MATH = YES;
				ONLY_ACTIVE_ARCH = YES;
				SDKROOT = iphoneos;
				SWIFT_ACTIVE_COMPILATION_CONDITIONS = DEBUG;
				SWIFT_OPTIMIZATION_LEVEL = "-Onone";
			};
			name = Debug;
		};
		EA412A10292E1ADE00B91FE3 /* Release */ = {
			isa = XCBuildConfiguration;
			buildSettings = {
				ALWAYS_SEARCH_USER_PATHS = NO;
				CLANG_ANALYZER_NONNULL = YES;
				CLANG_ANALYZER_NUMBER_OBJECT_CONVERSION = YES_AGGRESSIVE;
				CLANG_CXX_LANGUAGE_STANDARD = "gnu++14";
				CLANG_CXX_LIBRARY = "libc++";
				CLANG_ENABLE_MODULES = YES;
				CLANG_ENABLE_OBJC_ARC = YES;
				CLANG_ENABLE_OBJC_WEAK = YES;
				CLANG_WARN_BLOCK_CAPTURE_AUTORELEASING = YES;
				CLANG_WARN_BOOL_CONVERSION = YES;
				CLANG_WARN_COMMA = YES;
				CLANG_WARN_CONSTANT_CONVERSION = YES;
				CLANG_WARN_DEPRECATED_OBJC_IMPLEMENTATIONS = YES;
				CLANG_WARN_DIRECT_OBJC_ISA_USAGE = YES_ERROR;
				CLANG_WARN_DOCUMENTATION_COMMENTS = YES;
				CLANG_WARN_EMPTY_BODY = YES;
				CLANG_WARN_ENUM_CONVERSION = YES;
				CLANG_WARN_INFINITE_RECURSION = YES;
				CLANG_WARN_INT_CONVERSION = YES;
				CLANG_WARN_NON_LITERAL_NULL_CONVERSION = YES;
				CLANG_WARN_OBJC_IMPLICIT_RETAIN_SELF = YES;
				CLANG_WARN_OBJC_LITERAL_CONVERSION = YES;
				CLANG_WARN_OBJC_ROOT_CLASS = YES_ERROR;
				CLANG_WARN_RANGE_LOOP_ANALYSIS = YES;
				CLANG_WARN_STRICT_PROTOTYPES = YES;
				CLANG_WARN_SUSPICIOUS_MOVE = YES;
				CLANG_WARN_UNGUARDED_AVAILABILITY = YES_AGGRESSIVE;
				CLANG_WARN_UNREACHABLE_CODE = YES;
				CLANG_WARN__DUPLICATE_METHOD_MATCH = YES;
				CODE_SIGN_IDENTITY = "iPhone Developer";
				COPY_PHASE_STRIP = NO;
				DEBUG_INFORMATION_FORMAT = "dwarf-with-dsym";
				ENABLE_NS_ASSERTIONS = NO;
				ENABLE_STRICT_OBJC_MSGSEND = YES;
				GCC_C_LANGUAGE_STANDARD = gnu11;
				GCC_NO_COMMON_BLOCKS = YES;
				GCC_WARN_64_TO_32_BIT_CONVERSION = YES;
				GCC_WARN_ABOUT_RETURN_TYPE = YES_ERROR;
				GCC_WARN_UNDECLARED_SELECTOR = YES;
				GCC_WARN_UNINITIALIZED_AUTOS = YES_AGGRESSIVE;
				GCC_WARN_UNUSED_FUNCTION = YES;
				GCC_WARN_UNUSED_VARIABLE = YES;
				IPHONEOS_DEPLOYMENT_TARGET = 12.1;
				MTL_ENABLE_DEBUG_INFO = NO;
				MTL_FAST_MATH = YES;
				SDKROOT = iphoneos;
				SWIFT_COMPILATION_MODE = wholemodule;
				SWIFT_OPTIMIZATION_LEVEL = "-O";
				VALIDATE_PRODUCT = YES;
			};
			name = Release;
		};
		EA412A12292E1ADE00B91FE3 /* Debug */ = {
			isa = XCBuildConfiguration;
			buildSettings = {
				ASSETCATALOG_COMPILER_APPICON_NAME = AppIcon;
				CODE_SIGN_STYLE = Automatic;
				INFOPLIST_FILE = "Sephora-Mobile/Info.plist";
				IPHONEOS_DEPLOYMENT_TARGET = 11.0;
				LD_RUNPATH_SEARCH_PATHS = (
					"$(inherited)",
					"@executable_path/Frameworks",
				);
				PRODUCT_BUNDLE_IDENTIFIER = "id.ist.Sephora-Mobile";
				PRODUCT_NAME = "$(TARGET_NAME)";
				SWIFT_VERSION = 4.2;
				TARGETED_DEVICE_FAMILY = 1;
			};
			name = Debug;
		};
		EA412A13292E1ADE00B91FE3 /* Release */ = {
			isa = XCBuildConfiguration;
			buildSettings = {
				ASSETCATALOG_COMPILER_APPICON_NAME = AppIcon;
				CODE_SIGN_STYLE = Automatic;
				INFOPLIST_FILE = "Sephora-Mobile/Info.plist";
				IPHONEOS_DEPLOYMENT_TARGET = 11.0;
				LD_RUNPATH_SEARCH_PATHS = (
					"$(inherited)",
					"@executable_path/Frameworks",
				);
				PRODUCT_BUNDLE_IDENTIFIER = "id.ist.Sephora-Mobile";
				PRODUCT_NAME = "$(TARGET_NAME)";
				SWIFT_VERSION = 4.2;
				TARGETED_DEVICE_FAMILY = 1;
			};
			name = Release;
		};
/* End XCBuildConfiguration section */

/* Begin XCConfigurationList section */
		EA4129FA292E1ADB00B91FE3 /* Build configuration list for PBXProject "Sephora-Mobile" */ = {
			isa = XCConfigurationList;
			buildConfigurations = (
				EA412A0F292E1ADE00B91FE3 /* Debug */,
				EA412A10292E1ADE00B91FE3 /* Release */,
			);
			defaultConfigurationIsVisible = 0;
			defaultConfigurationName = Release;
		};
		EA412A11292E1ADE00B91FE3 /* Build configuration list for PBXNativeTarget "Sephora-Mobile" */ = {
			isa = XCConfigurationList;
			buildConfigurations = (
				EA412A12292E1ADE00B91FE3 /* Debug */,
				EA412A13292E1ADE00B91FE3 /* Release */,
			);
			defaultConfigurationIsVisible = 0;
			defaultConfigurationName = Release;
		};
/* End XCConfigurationList section */
	};
	rootObject = EA4129F7292E1ADB00B91FE3 /* Project object */;
}
